
Microsoft Visual Studio Solution File, Format Version 12.00
# Visual Studio Version 17
VisualStudioVersion = 17.1.32210.238
MinimumVisualStudioVersion = 10.0.40219.1
Project("{FAE04EC0-301F-11D3-BF4B-00C04F79EFBC}") = "březen projekt V.2", "březen projekt V.2\březen projekt V.2.csproj", "{27758A57-39A2-4371-A5E0-741F5E6A4F71}"
EndProject
Global
	GlobalSection(SolutionConfigurationPlatforms) = preSolution
		Debug|Any CPU = Debug|Any CPU
		Release|Any CPU = Release|Any CPU
	EndGlobalSection
	GlobalSection(ProjectConfigurationPlatforms) = postSolution
		{27758A57-39A2-4371-A5E0-741F5E6A4F71}.Debug|Any CPU.ActiveCfg = Debug|Any CPU
		{27758A57-39A2-4371-A5E0-741F5E6A4F71}.Debug|Any CPU.Build.0 = Debug|Any CPU
		{27758A57-39A2-4371-A5E0-741F5E6A4F71}.Release|Any CPU.ActiveCfg = Release|Any CPU
		{27758A57-39A2-4371-A5E0-741F5E6A4F71}.Release|Any CPU.Build.0 = Release|Any CPU
	EndGlobalSection
	GlobalSection(SolutionProperties) = preSolution
		HideSolutionNode = FALSE
	EndGlobalSection
	GlobalSection(ExtensibilityGlobals) = postSolution
		SolutionGuid = {3A5FE47C-4382-4438-A143-784800A77AAD}
	EndGlobalSection
EndGlobal
